
Microsoft Visual Studio Solution File, Format Version 12.00
# Visual Studio Version 17
VisualStudioVersion = 17.9.34714.143
MinimumVisualStudioVersion = 10.0.40219.1
Project("{FAE04EC0-301F-11D3-BF4B-00C04F79EFBC}") = "PlanningAPI", "PlanningAPI.csproj", "{98A2E68A-A261-4AB7-B3F8-F248EC7AEA05}"
EndProject
Global
	GlobalSection(SolutionConfigurationPlatforms) = preSolution
		Debug|Any CPU = Debug|Any CPU
		Release|Any CPU = Release|Any CPU
	EndGlobalSection
	GlobalSection(ProjectConfigurationPlatforms) = postSolution
		{98A2E68A-A261-4AB7-B3F8-F248EC7AEA05}.Debug|Any CPU.ActiveCfg = Debug|Any CPU
		{98A2E68A-A261-4AB7-B3F8-F248EC7AEA05}.Debug|Any CPU.Build.0 = Debug|Any CPU
		{98A2E68A-A261-4AB7-B3F8-F248EC7AEA05}.Release|Any CPU.ActiveCfg = Release|Any CPU
		{98A2E68A-A261-4AB7-B3F8-F248EC7AEA05}.Release|Any CPU.Build.0 = Release|Any CPU
	EndGlobalSection
	GlobalSection(SolutionProperties) = preSolution
		HideSolutionNode = FALSE
	EndGlobalSection
	GlobalSection(ExtensibilityGlobals) = postSolution
		SolutionGuid = {51814454-8233-472D-A11C-B8FE04640410}
	EndGlobalSection
EndGlobal
